
Microsoft Visual Studio Solution File, Format Version 12.00
# Visual Studio Version 16
VisualStudioVersion = 16.0.29926.136
MinimumVisualStudioVersion = 10.0.40219.1
Project("{9A19103F-16F7-4668-BE54-9A1E7A4F7556}") = "CodeAssistTestMod_1_4", "CodeAssistTestMod_1_4\CodeAssistTestMod_1_4.csproj", "{F694CCB9-1B7F-49BB-8352-EFF861A8B902}"
EndProject
Project("{9A19103F-16F7-4668-BE54-9A1E7A4F7556}") = "CodeAssistTestMod", "CodeAssistTestMod\CodeAssistTestMod.csproj", "{E891EB61-4563-4CE1-BF20-25B5EA4E22E6}"
EndProject
Global
	GlobalSection(SolutionConfigurationPlatforms) = preSolution
		Debug|Any CPU = Debug|Any CPU
		Release|Any CPU = Release|Any CPU
	EndGlobalSection
	GlobalSection(ProjectConfigurationPlatforms) = postSolution
		{F694CCB9-1B7F-49BB-8352-EFF861A8B902}.Debug|Any CPU.ActiveCfg = Debug|Any CPU
		{F694CCB9-1B7F-49BB-8352-EFF861A8B902}.Debug|Any CPU.Build.0 = Debug|Any CPU
		{F694CCB9-1B7F-49BB-8352-EFF861A8B902}.Release|Any CPU.ActiveCfg = Release|Any CPU
		{F694CCB9-1B7F-49BB-8352-EFF861A8B902}.Release|Any CPU.Build.0 = Release|Any CPU
		{E891EB61-4563-4CE1-BF20-25B5EA4E22E6}.Debug|Any CPU.ActiveCfg = Debug|Any CPU
		{E891EB61-4563-4CE1-BF20-25B5EA4E22E6}.Debug|Any CPU.Build.0 = Debug|Any CPU
		{E891EB61-4563-4CE1-BF20-25B5EA4E22E6}.Release|Any CPU.ActiveCfg = Release|Any CPU
		{E891EB61-4563-4CE1-BF20-25B5EA4E22E6}.Release|Any CPU.Build.0 = Release|Any CPU
	EndGlobalSection
	GlobalSection(SolutionProperties) = preSolution
		HideSolutionNode = FALSE
	EndGlobalSection
	GlobalSection(ExtensibilityGlobals) = postSolution
		SolutionGuid = {5B1B5A85-A95C-4F4F-9035-B1305E2413C8}
	EndGlobalSection
EndGlobal
