
Microsoft Visual Studio Solution File, Format Version 12.00
# Visual Studio Version 16
VisualStudioVersion = 16.0.29926.136
MinimumVisualStudioVersion = 10.0.40219.1
Project("{FAE04EC0-301F-11D3-BF4B-00C04F79EFBC}") = "tModLoader.CodeAssist", "tModLoader.CodeAssist\tModLoader.CodeAssist.csproj", "{5D1ECDEB-4FA6-4EEF-8E13-928582A91B09}"
EndProject
Project("{FAE04EC0-301F-11D3-BF4B-00C04F79EFBC}") = "tModLoader.CodeAssist.Test", "tModLoader.CodeAssist.Test\tModLoader.CodeAssist.Test.csproj", "{746ACB22-A567-4C77-9BA3-C430491FCDAA}"
EndProject
Project("{FAE04EC0-301F-11D3-BF4B-00C04F79EFBC}") = "tModLoader.CodeAssist.Vsix", "tModLoader.CodeAssist.Vsix\tModLoader.CodeAssist.Vsix.csproj", "{963F28D3-1E8A-4943-B23E-DF093CEA9C18}"
EndProject
Global
	GlobalSection(SolutionConfigurationPlatforms) = preSolution
		Debug|Any CPU = Debug|Any CPU
		Release|Any CPU = Release|Any CPU
	EndGlobalSection
	GlobalSection(ProjectConfigurationPlatforms) = postSolution
		{5D1ECDEB-4FA6-4EEF-8E13-928582A91B09}.Debug|Any CPU.ActiveCfg = Debug|Any CPU
		{5D1ECDEB-4FA6-4EEF-8E13-928582A91B09}.Debug|Any CPU.Build.0 = Debug|Any CPU
		{5D1ECDEB-4FA6-4EEF-8E13-928582A91B09}.Release|Any CPU.ActiveCfg = Release|Any CPU
		{5D1ECDEB-4FA6-4EEF-8E13-928582A91B09}.Release|Any CPU.Build.0 = Release|Any CPU
		{746ACB22-A567-4C77-9BA3-C430491FCDAA}.Debug|Any CPU.ActiveCfg = Debug|Any CPU
		{746ACB22-A567-4C77-9BA3-C430491FCDAA}.Debug|Any CPU.Build.0 = Debug|Any CPU
		{746ACB22-A567-4C77-9BA3-C430491FCDAA}.Release|Any CPU.ActiveCfg = Release|Any CPU
		{746ACB22-A567-4C77-9BA3-C430491FCDAA}.Release|Any CPU.Build.0 = Release|Any CPU
		{963F28D3-1E8A-4943-B23E-DF093CEA9C18}.Debug|Any CPU.ActiveCfg = Debug|Any CPU
		{963F28D3-1E8A-4943-B23E-DF093CEA9C18}.Debug|Any CPU.Build.0 = Debug|Any CPU
		{963F28D3-1E8A-4943-B23E-DF093CEA9C18}.Release|Any CPU.ActiveCfg = Release|Any CPU
		{963F28D3-1E8A-4943-B23E-DF093CEA9C18}.Release|Any CPU.Build.0 = Release|Any CPU
	EndGlobalSection
	GlobalSection(SolutionProperties) = preSolution
		HideSolutionNode = FALSE
	EndGlobalSection
	GlobalSection(ExtensibilityGlobals) = postSolution
		SolutionGuid = {8A36EDA7-83DE-4E5D-A57E-5603F11F4071}
	EndGlobalSection
EndGlobal
